
Microsoft Visual Studio Solution File, Format Version 12.00
Project("{FAE04EC0-301F-11D3-BF4B-00C04F79EFBC}") = "GTA5Voice", "GTA5Voice.csproj", "{9F5B7F6D-5206-4630-B764-89E158C2F7E8}"
EndProject
Global
	GlobalSection(SolutionConfigurationPlatforms) = preSolution
		Debug|Any CPU = Debug|Any CPU
		Release|Any CPU = Release|Any CPU
	EndGlobalSection
	GlobalSection(ProjectConfigurationPlatforms) = postSolution
		{9F5B7F6D-5206-4630-B764-89E158C2F7E8}.Debug|Any CPU.ActiveCfg = Debug|Any CPU
		{9F5B7F6D-5206-4630-B764-89E158C2F7E8}.Debug|Any CPU.Build.0 = Debug|Any CPU
		{9F5B7F6D-5206-4630-B764-89E158C2F7E8}.Release|Any CPU.ActiveCfg = Release|Any CPU
		{9F5B7F6D-5206-4630-B764-89E158C2F7E8}.Release|Any CPU.Build.0 = Release|Any CPU
	EndGlobalSection
EndGlobal
